
Microsoft Visual Studio Solution File, Format Version 12.00
# Visual Studio Version 17
VisualStudioVersion = 17.7.34018.315
MinimumVisualStudioVersion = 10.0.40219.1
Project("{FAE04EC0-301F-11D3-BF4B-00C04F79EFBC}") = "PruebaTecnica_Colcar", "PruebaTecnica_Colcar\PruebaTecnica_Colcar.csproj", "{44DE4372-1F01-4D51-AF17-390BA6C76109}"
EndProject
Global
	GlobalSection(SolutionConfigurationPlatforms) = preSolution
		Debug|Any CPU = Debug|Any CPU
		Release|Any CPU = Release|Any CPU
	EndGlobalSection
	GlobalSection(ProjectConfigurationPlatforms) = postSolution
		{44DE4372-1F01-4D51-AF17-390BA6C76109}.Debug|Any CPU.ActiveCfg = Debug|Any CPU
		{44DE4372-1F01-4D51-AF17-390BA6C76109}.Debug|Any CPU.Build.0 = Debug|Any CPU
		{44DE4372-1F01-4D51-AF17-390BA6C76109}.Release|Any CPU.ActiveCfg = Release|Any CPU
		{44DE4372-1F01-4D51-AF17-390BA6C76109}.Release|Any CPU.Build.0 = Release|Any CPU
	EndGlobalSection
	GlobalSection(SolutionProperties) = preSolution
		HideSolutionNode = FALSE
	EndGlobalSection
	GlobalSection(ExtensibilityGlobals) = postSolution
		SolutionGuid = {D5067B03-F8CD-4F2F-99E2-DEA5FE8FC1DA}
	EndGlobalSection
EndGlobal
